
Microsoft Visual Studio Solution File, Format Version 12.00
# Visual Studio 15
VisualStudioVersion = 15.0.28010.2050
MinimumVisualStudioVersion = 10.0.40219.1
Project("{FAE04EC0-301F-11D3-BF4B-00C04F79EFBC}") = "BMEProject-Core", "BMEProject-Core\BMEProject-Core.csproj", "{3EE99A59-078C-400B-B8F7-5A6B61ADE822}"
EndProject
Global
	GlobalSection(SolutionConfigurationPlatforms) = preSolution
		Debug|Any CPU = Debug|Any CPU
		Release|Any CPU = Release|Any CPU
	EndGlobalSection
	GlobalSection(ProjectConfigurationPlatforms) = postSolution
		{3EE99A59-078C-400B-B8F7-5A6B61ADE822}.Debug|Any CPU.ActiveCfg = Debug|Any CPU
		{3EE99A59-078C-400B-B8F7-5A6B61ADE822}.Debug|Any CPU.Build.0 = Debug|Any CPU
		{3EE99A59-078C-400B-B8F7-5A6B61ADE822}.Release|Any CPU.ActiveCfg = Release|Any CPU
		{3EE99A59-078C-400B-B8F7-5A6B61ADE822}.Release|Any CPU.Build.0 = Release|Any CPU
	EndGlobalSection
	GlobalSection(SolutionProperties) = preSolution
		HideSolutionNode = FALSE
	EndGlobalSection
	GlobalSection(ExtensibilityGlobals) = postSolution
		SolutionGuid = {E13606DC-C55A-4425-B93D-11D560B04EF6}
	EndGlobalSection
EndGlobal
